
Microsoft Visual Studio Solution File, Format Version 12.00
# Visual Studio 15
VisualStudioVersion = 15.0.28307.421
MinimumVisualStudioVersion = 10.0.40219.1
Project("{FAE04EC0-301F-11D3-BF4B-00C04F79EFBC}") = "10.BinaryTree", "10.BinaryTree\10.BinaryTree.csproj", "{896879F9-ED03-4E19-9870-82E5379BCAEE}"
EndProject
Global
	GlobalSection(SolutionConfigurationPlatforms) = preSolution
		Debug|Any CPU = Debug|Any CPU
		Release|Any CPU = Release|Any CPU
	EndGlobalSection
	GlobalSection(ProjectConfigurationPlatforms) = postSolution
		{896879F9-ED03-4E19-9870-82E5379BCAEE}.Debug|Any CPU.ActiveCfg = Debug|Any CPU
		{896879F9-ED03-4E19-9870-82E5379BCAEE}.Debug|Any CPU.Build.0 = Debug|Any CPU
		{896879F9-ED03-4E19-9870-82E5379BCAEE}.Release|Any CPU.ActiveCfg = Release|Any CPU
		{896879F9-ED03-4E19-9870-82E5379BCAEE}.Release|Any CPU.Build.0 = Release|Any CPU
	EndGlobalSection
	GlobalSection(SolutionProperties) = preSolution
		HideSolutionNode = FALSE
	EndGlobalSection
	GlobalSection(ExtensibilityGlobals) = postSolution
		SolutionGuid = {15903941-571F-40D7-B92F-124033B64BC4}
	EndGlobalSection
EndGlobal
