
Microsoft Visual Studio Solution File, Format Version 12.00
# Visual Studio 15
VisualStudioVersion = 15.0.28307.421
MinimumVisualStudioVersion = 10.0.40219.1
Project("{FAE04EC0-301F-11D3-BF4B-00C04F79EFBC}") = "8.BinaryTree", "8.BinaryTree\8.BinaryTree.csproj", "{25ACA980-A867-4DAE-9EB5-AD3DC39FF4B5}"
EndProject
Global
	GlobalSection(SolutionConfigurationPlatforms) = preSolution
		Debug|Any CPU = Debug|Any CPU
		Release|Any CPU = Release|Any CPU
	EndGlobalSection
	GlobalSection(ProjectConfigurationPlatforms) = postSolution
		{25ACA980-A867-4DAE-9EB5-AD3DC39FF4B5}.Debug|Any CPU.ActiveCfg = Debug|Any CPU
		{25ACA980-A867-4DAE-9EB5-AD3DC39FF4B5}.Debug|Any CPU.Build.0 = Debug|Any CPU
		{25ACA980-A867-4DAE-9EB5-AD3DC39FF4B5}.Release|Any CPU.ActiveCfg = Release|Any CPU
		{25ACA980-A867-4DAE-9EB5-AD3DC39FF4B5}.Release|Any CPU.Build.0 = Release|Any CPU
	EndGlobalSection
	GlobalSection(SolutionProperties) = preSolution
		HideSolutionNode = FALSE
	EndGlobalSection
	GlobalSection(ExtensibilityGlobals) = postSolution
		SolutionGuid = {393E6BDC-A638-4B86-8340-3D055C305710}
	EndGlobalSection
EndGlobal
