
Microsoft Visual Studio Solution File, Format Version 12.00
# Visual Studio 15
VisualStudioVersion = 15.0.28307.421
MinimumVisualStudioVersion = 10.0.40219.1
Project("{FAE04EC0-301F-11D3-BF4B-00C04F79EFBC}") = "1.BinaryTree(ArrayImplementation)", "1.BinaryTree(ArrayImplementation)\1.BinaryTree(ArrayImplementation).csproj", "{44A24660-EB2F-4078-8C5D-67A62F71B3BA}"
EndProject
Global
	GlobalSection(SolutionConfigurationPlatforms) = preSolution
		Debug|Any CPU = Debug|Any CPU
		Release|Any CPU = Release|Any CPU
	EndGlobalSection
	GlobalSection(ProjectConfigurationPlatforms) = postSolution
		{44A24660-EB2F-4078-8C5D-67A62F71B3BA}.Debug|Any CPU.ActiveCfg = Debug|Any CPU
		{44A24660-EB2F-4078-8C5D-67A62F71B3BA}.Debug|Any CPU.Build.0 = Debug|Any CPU
		{44A24660-EB2F-4078-8C5D-67A62F71B3BA}.Release|Any CPU.ActiveCfg = Release|Any CPU
		{44A24660-EB2F-4078-8C5D-67A62F71B3BA}.Release|Any CPU.Build.0 = Release|Any CPU
	EndGlobalSection
	GlobalSection(SolutionProperties) = preSolution
		HideSolutionNode = FALSE
	EndGlobalSection
	GlobalSection(ExtensibilityGlobals) = postSolution
		SolutionGuid = {E834E780-509A-4202-AE38-A0F69AF2BC35}
	EndGlobalSection
EndGlobal
