
Microsoft Visual Studio Solution File, Format Version 12.00
# Visual Studio 15
VisualStudioVersion = 15.0.28307.421
MinimumVisualStudioVersion = 10.0.40219.1
Project("{FAE04EC0-301F-11D3-BF4B-00C04F79EFBC}") = "2.BinaryTree", "2.BinaryTree\2.BinaryTree.csproj", "{E1CA5384-55AE-4F20-AF72-DC3F0756728D}"
EndProject
Global
	GlobalSection(SolutionConfigurationPlatforms) = preSolution
		Debug|Any CPU = Debug|Any CPU
		Release|Any CPU = Release|Any CPU
	EndGlobalSection
	GlobalSection(ProjectConfigurationPlatforms) = postSolution
		{E1CA5384-55AE-4F20-AF72-DC3F0756728D}.Debug|Any CPU.ActiveCfg = Debug|Any CPU
		{E1CA5384-55AE-4F20-AF72-DC3F0756728D}.Debug|Any CPU.Build.0 = Debug|Any CPU
		{E1CA5384-55AE-4F20-AF72-DC3F0756728D}.Release|Any CPU.ActiveCfg = Release|Any CPU
		{E1CA5384-55AE-4F20-AF72-DC3F0756728D}.Release|Any CPU.Build.0 = Release|Any CPU
	EndGlobalSection
	GlobalSection(SolutionProperties) = preSolution
		HideSolutionNode = FALSE
	EndGlobalSection
	GlobalSection(ExtensibilityGlobals) = postSolution
		SolutionGuid = {0C1FF76F-9BB8-4F63-91A8-57E2254C7D95}
	EndGlobalSection
EndGlobal
