
Microsoft Visual Studio Solution File, Format Version 12.00
# Visual Studio 15
VisualStudioVersion = 15.0.28307.421
MinimumVisualStudioVersion = 10.0.40219.1
Project("{FAE04EC0-301F-11D3-BF4B-00C04F79EFBC}") = "BST", "BST\BST.csproj", "{514F5D71-D324-4CE1-9F46-E7C59C8BCE11}"
EndProject
Global
	GlobalSection(SolutionConfigurationPlatforms) = preSolution
		Debug|Any CPU = Debug|Any CPU
		Release|Any CPU = Release|Any CPU
	EndGlobalSection
	GlobalSection(ProjectConfigurationPlatforms) = postSolution
		{514F5D71-D324-4CE1-9F46-E7C59C8BCE11}.Debug|Any CPU.ActiveCfg = Debug|Any CPU
		{514F5D71-D324-4CE1-9F46-E7C59C8BCE11}.Debug|Any CPU.Build.0 = Debug|Any CPU
		{514F5D71-D324-4CE1-9F46-E7C59C8BCE11}.Release|Any CPU.ActiveCfg = Release|Any CPU
		{514F5D71-D324-4CE1-9F46-E7C59C8BCE11}.Release|Any CPU.Build.0 = Release|Any CPU
	EndGlobalSection
	GlobalSection(SolutionProperties) = preSolution
		HideSolutionNode = FALSE
	EndGlobalSection
	GlobalSection(ExtensibilityGlobals) = postSolution
		SolutionGuid = {AFCDCB47-9363-4DB6-B7DD-9B8499146B24}
	EndGlobalSection
EndGlobal
