
Microsoft Visual Studio Solution File, Format Version 12.00
# Visual Studio 15
VisualStudioVersion = 15.0.28307.421
MinimumVisualStudioVersion = 10.0.40219.1
Project("{FAE04EC0-301F-11D3-BF4B-00C04F79EFBC}") = "HeapQuestion 2", "HeapQuestion 2\HeapQuestion 2.csproj", "{AC03B6AF-7BFF-46D8-977A-C7154F437B15}"
EndProject
Global
	GlobalSection(SolutionConfigurationPlatforms) = preSolution
		Debug|Any CPU = Debug|Any CPU
		Release|Any CPU = Release|Any CPU
	EndGlobalSection
	GlobalSection(ProjectConfigurationPlatforms) = postSolution
		{AC03B6AF-7BFF-46D8-977A-C7154F437B15}.Debug|Any CPU.ActiveCfg = Debug|Any CPU
		{AC03B6AF-7BFF-46D8-977A-C7154F437B15}.Debug|Any CPU.Build.0 = Debug|Any CPU
		{AC03B6AF-7BFF-46D8-977A-C7154F437B15}.Release|Any CPU.ActiveCfg = Release|Any CPU
		{AC03B6AF-7BFF-46D8-977A-C7154F437B15}.Release|Any CPU.Build.0 = Release|Any CPU
	EndGlobalSection
	GlobalSection(SolutionProperties) = preSolution
		HideSolutionNode = FALSE
	EndGlobalSection
	GlobalSection(ExtensibilityGlobals) = postSolution
		SolutionGuid = {83F6037F-3D88-4F4F-AE7A-7B1370B5A035}
	EndGlobalSection
EndGlobal
